# This file is automatically @generated by Cargo.
# It is not intended for manual editing.
version = 3

[[package]]
name = "adler"
version = "1.0.2"
source = "registry+https://github.com/rust-lang/crates.io-index"
checksum = "f26201604c87b1e01bd3d98f8d5d9a8fcbb815e8cedb41ffccbeb4bf593a35fe"

[[package]]
name = "adler32"
version = "1.2.0"
source = "registry+https://github.com/rust-lang/crates.io-index"
checksum = "aae1277d39aeec15cb388266ecc24b11c80469deae6067e17a1a7aa9e5c1f234"

[[package]]
name = "arrayref"
version = "0.3.6"
source = "registry+https://github.com/rust-lang/crates.io-index"
checksum = "a4c527152e37cf757a3f78aae5a06fbeefdb07ccc535c980a3208ee3060dd544"

[[package]]
name = "arrayvec"
version = "0.5.2"
source = "registry+https://github.com/rust-lang/crates.io-index"
checksum = "23b62fc65de8e4e7f52534fb52b0f3ed04746ae267519eef2a83941e8085068b"

[[package]]
name = "autocfg"
version = "1.0.1"
source = "registry+https://github.com/rust-lang/crates.io-index"
checksum = "cdb031dd78e28731d87d56cc8ffef4a8f36ca26c38fe2de700543e627f8a464a"

[[package]]
name = "base64"
version = "0.13.0"
source = "registry+https://github.com/rust-lang/crates.io-index"
checksum = "904dfeac50f3cdaba28fc6f57fdcddb75f49ed61346676a78c4ffe55877802fd"

[[package]]
name = "bitflags"
version = "1.3.2"
source = "registry+https://github.com/rust-lang/crates.io-index"
checksum = "bef38d45163c2f1dde094a7dfd33ccf595c92905c8f8f4fdc18d06fb1037718a"

[[package]]
name = "bytemuck"
version = "1.7.2"
source = "registry+https://github.com/rust-lang/crates.io-index"
checksum = "72957246c41db82b8ef88a5486143830adeb8227ef9837740bdec67724cf2c5b"

[[package]]
name = "byteorder"
version = "1.4.3"
source = "registry+https://github.com/rust-lang/crates.io-index"
checksum = "14c189c53d098945499cdfa7ecc63567cf3886b3332b312a5b4585d8d3a6a610"

[[package]]
name = "cfg-if"
version = "1.0.0"
source = "registry+https://github.com/rust-lang/crates.io-index"
checksum = "baf1de4339761588bc0619e3cbc0120ee582ebb74b53b4efbf79117bd2da40fd"

[[package]]
name = "crc32fast"
version = "1.2.1"
source = "registry+https://github.com/rust-lang/crates.io-index"
checksum = "81156fece84ab6a9f2afdb109ce3ae577e42b1228441eded99bd77f627953b1a"
dependencies = [
 "cfg-if",
]

[[package]]
name = "data-url"
version = "0.1.0"
source = "registry+https://github.com/rust-lang/crates.io-index"
checksum = "d33fe99ccedd6e84bc035f1931bb2e6be79739d6242bd895e7311c886c50dc9c"
dependencies = [
 "matches",
]

[[package]]
name = "deflate"
version = "0.8.6"
source = "registry+https://github.com/rust-lang/crates.io-index"
checksum = "73770f8e1fe7d64df17ca66ad28994a0a623ea497fa69486e14984e715c5d174"
dependencies = [
 "adler32",
 "byteorder",
]

[[package]]
name = "flate2"
version = "1.0.21"
source = "registry+https://github.com/rust-lang/crates.io-index"
checksum = "80edafed416a46fb378521624fab1cfa2eb514784fd8921adbe8a8d8321da811"
dependencies = [
 "cfg-if",
 "crc32fast",
 "libc",
 "miniz_oxide 0.4.4",
]

[[package]]
name = "float-cmp"
version = "0.5.3"
source = "registry+https://github.com/rust-lang/crates.io-index"
checksum = "75224bec9bfe1a65e2d34132933f2de7fe79900c96a0174307554244ece8150e"

[[package]]
name = "fontdb"
version = "0.5.4"
source = "registry+https://github.com/rust-lang/crates.io-index"
checksum = "e58903f4f8d5b58c7d300908e4ebe5289c1bfdf5587964330f12023b8ff17fd1"
dependencies = [
 "log",
 "memmap2",
 "ttf-parser 0.12.3",
]

[[package]]
name = "getopts"
version = "0.2.21"
source = "registry+https://github.com/rust-lang/crates.io-index"
checksum = "14dbbfd5c71d70241ecf9e6f13737f7b5ce823821063188d7e46c41d371eebd5"
dependencies = [
 "unicode-width",
]

[[package]]
name = "jpeg-decoder"
version = "0.1.22"
source = "registry+https://github.com/rust-lang/crates.io-index"
checksum = "229d53d58899083193af11e15917b5640cd40b29ff475a1fe4ef725deb02d0f2"

[[package]]
name = "kurbo"
version = "0.8.1"
source = "registry+https://github.com/rust-lang/crates.io-index"
checksum = "e30b1df631d23875f230ed3ddd1a88c231f269a04b2044eb6ca87e763b5f4c42"
dependencies = [
 "arrayvec",
]

[[package]]
name = "lazy_static"
version = "1.4.0"
source = "registry+https://github.com/rust-lang/crates.io-index"
checksum = "e2abad23fbc42b3700f2f279844dc832adb2b2eb069b2df918f455c4e18cc646"

[[package]]
name = "libc"
version = "0.2.101"
source = "registry+https://github.com/rust-lang/crates.io-index"
checksum = "3cb00336871be5ed2c8ed44b60ae9959dc5b9f08539422ed43f09e34ecaeba21"

[[package]]
name = "log"
version = "0.4.14"
source = "registry+https://github.com/rust-lang/crates.io-index"
checksum = "51b9bbe6c47d51fc3e1a9b945965946b4c44142ab8792c50835a980d362c2710"
dependencies = [
 "cfg-if",
]

[[package]]
name = "matches"
version = "0.1.9"
source = "registry+https://github.com/rust-lang/crates.io-index"
checksum = "a3e378b66a060d48947b590737b30a1be76706c8dd7b8ba0f2fe3989c68a853f"

[[package]]
name = "memchr"
version = "2.4.1"
source = "registry+https://github.com/rust-lang/crates.io-index"
checksum = "308cc39be01b73d0d18f82a0e7b2a3df85245f84af96fdddc5d202d27e47b86a"

[[package]]
name = "memmap2"
version = "0.2.3"
source = "registry+https://github.com/rust-lang/crates.io-index"
checksum = "723e3ebdcdc5c023db1df315364573789f8857c11b631a2fdfad7c00f5c046b4"
dependencies = [
 "libc",
]

[[package]]
name = "minidom"
version = "0.13.0"
source = "registry+https://github.com/rust-lang/crates.io-index"
checksum = "332592c2149fc7dd40a64fc9ef6f0d65607284b474cef9817d1fc8c7e7b3608e"
dependencies = [
 "quick-xml",
]

[[package]]
name = "miniz_oxide"
version = "0.3.7"
source = "registry+https://github.com/rust-lang/crates.io-index"
checksum = "791daaae1ed6889560f8c4359194f56648355540573244a5448a83ba1ecc7435"
dependencies = [
 "adler32",
]

[[package]]
name = "miniz_oxide"
version = "0.4.4"
source = "registry+https://github.com/rust-lang/crates.io-index"
checksum = "a92518e98c078586bc6c934028adcca4c92a53d6a958196de835170a01d84e4b"
dependencies = [
 "adler",
 "autocfg",
]

[[package]]
name = "pico-args"
version = "0.4.2"
source = "registry+https://github.com/rust-lang/crates.io-index"
checksum = "db8bcd96cb740d03149cbad5518db9fd87126a10ab519c011893b1754134c468"

[[package]]
name = "png"
version = "0.16.8"
source = "registry+https://github.com/rust-lang/crates.io-index"
checksum = "3c3287920cb847dee3de33d301c463fba14dda99db24214ddf93f83d3021f4c6"
dependencies = [
 "bitflags",
 "crc32fast",
 "deflate",
 "miniz_oxide 0.3.7",
]

[[package]]
name = "proc-macro2"
version = "1.0.29"
source = "registry+https://github.com/rust-lang/crates.io-index"
checksum = "b9f5105d4fdaab20335ca9565e106a5d9b82b6219b5ba735731124ac6711d23d"
dependencies = [
 "unicode-xid",
]

[[package]]
name = "quick-xml"
version = "0.20.0"
source = "registry+https://github.com/rust-lang/crates.io-index"
checksum = "26aab6b48e2590e4a64d1ed808749ba06257882b461d01ca71baeb747074a6dd"
dependencies = [
 "memchr",
]

[[package]]
name = "quote"
version = "1.0.9"
source = "registry+https://github.com/rust-lang/crates.io-index"
checksum = "c3d0b9745dc2debf507c8422de05d7226cc1f0644216dfdfead988f9b1ab32a7"
dependencies = [
 "proc-macro2",
]

[[package]]
name = "rctree"
version = "0.3.3"
source = "registry+https://github.com/rust-lang/crates.io-index"
checksum = "be9e29cb19c8fe84169fcb07f8f11e66bc9e6e0280efd4715c54818296f8a4a8"

[[package]]
name = "resvg"
version = "0.14.1"
source = "registry+https://github.com/rust-lang/crates.io-index"
checksum = "09697862c5c3f940cbaffef91969c62188b5c8ed385b0aef43a5ff01ddc8000f"
dependencies = [
 "jpeg-decoder",
 "log",
 "pico-args",
 "png",
 "rgb",
 "svgfilters",
 "tiny-skia",
 "usvg",
]

[[package]]
name = "rgb"
version = "0.8.27"
source = "registry+https://github.com/rust-lang/crates.io-index"
checksum = "8fddb3b23626145d1776addfc307e1a1851f60ef6ca64f376bcb889697144cf0"
dependencies = [
 "bytemuck",
]

[[package]]
name = "roxmltree"
version = "0.14.1"
source = "registry+https://github.com/rust-lang/crates.io-index"
checksum = "921904a62e410e37e215c40381b7117f830d9d89ba60ab5236170541dd25646b"
dependencies = [
 "xmlparser",
]

[[package]]
name = "rustybuzz"
version = "0.3.0"
source = "registry+https://github.com/rust-lang/crates.io-index"
checksum = "0ab463a295d00f3692e0974a0bfd83c7a9bcd119e27e07c2beecdb1b44a09d10"
dependencies = [
 "bitflags",
 "bytemuck",
 "smallvec",
 "ttf-parser 0.9.0",
 "unicode-bidi-mirroring",
 "unicode-ccc",
 "unicode-general-category",
 "unicode-script",
]

[[package]]
name = "safe_arch"
version = "0.5.2"
source = "registry+https://github.com/rust-lang/crates.io-index"
checksum = "c1ff3d6d9696af502cc3110dacce942840fb06ff4514cad92236ecc455f2ce05"
dependencies = [
 "bytemuck",
]

[[package]]
name = "serde"
version = "1.0.130"
source = "registry+https://github.com/rust-lang/crates.io-index"
checksum = "f12d06de37cf59146fbdecab66aa99f9fe4f78722e3607577a5375d66bd0c913"
dependencies = [
 "serde_derive",
]

[[package]]
name = "serde_derive"
version = "1.0.130"
source = "registry+https://github.com/rust-lang/crates.io-index"
checksum = "d7bc1a1ab1961464eae040d96713baa5a724a8152c1222492465b54322ec508b"
dependencies = [
 "proc-macro2",
 "quote",
 "syn",
]

[[package]]
name = "sgf-parse"
version = "4.0.0"
source = "registry+https://github.com/rust-lang/crates.io-index"
checksum = "2268ba396ed960c618d341e868803561962ea848e0fa935bc6b7c9d1643d7da1"

[[package]]
name = "sgf-render"
version = "2.2.2"
dependencies = [
 "getopts",
 "lazy_static",
 "minidom",
 "resvg",
 "serde",
 "sgf-parse",
 "shell-words",
 "tiny-skia",
 "toml",
 "usvg",
]

[[package]]
name = "shell-words"
version = "1.0.0"
source = "registry+https://github.com/rust-lang/crates.io-index"
checksum = "b6fa3938c99da4914afedd13bf3d79bcb6c277d1b2c398d23257a304d9e1b074"

[[package]]
name = "simplecss"
version = "0.2.1"
source = "registry+https://github.com/rust-lang/crates.io-index"
checksum = "a11be7c62927d9427e9f40f3444d5499d868648e2edbc4e2116de69e7ec0e89d"
dependencies = [
 "log",
]

[[package]]
name = "siphasher"
version = "0.2.3"
source = "registry+https://github.com/rust-lang/crates.io-index"
checksum = "0b8de496cf83d4ed58b6be86c3a275b8602f6ffe98d3024a869e124147a9a3ac"

[[package]]
name = "smallvec"
version = "1.6.1"
source = "registry+https://github.com/rust-lang/crates.io-index"
checksum = "fe0f37c9e8f3c5a4a66ad655a93c74daac4ad00c441533bf5c6e7990bb42604e"

[[package]]
name = "svgfilters"
version = "0.3.0"
source = "registry+https://github.com/rust-lang/crates.io-index"
checksum = "fb0dce2fee79ac40c21dafba48565ff7a5fa275e23ffe9ce047a40c9574ba34e"
dependencies = [
 "float-cmp",
 "rgb",
]

[[package]]
name = "svgtypes"
version = "0.5.0"
source = "registry+https://github.com/rust-lang/crates.io-index"
checksum = "9c536faaff1a10837cfe373142583f6e27d81e96beba339147e77b67c9f260ff"
dependencies = [
 "float-cmp",
 "siphasher",
]

[[package]]
name = "syn"
version = "1.0.76"
source = "registry+https://github.com/rust-lang/crates.io-index"
checksum = "c6f107db402c2c2055242dbf4d2af0e69197202e9faacbef9571bbe47f5a1b84"
dependencies = [
 "proc-macro2",
 "quote",
 "unicode-xid",
]

[[package]]
name = "tiny-skia"
version = "0.5.1"
source = "registry+https://github.com/rust-lang/crates.io-index"
checksum = "1bf81f2900d2e235220e6f31ec9f63ade6a7f59090c556d74fe949bb3b15e9fe"
dependencies = [
 "arrayref",
 "arrayvec",
 "bytemuck",
 "cfg-if",
 "png",
 "safe_arch",
]

[[package]]
name = "toml"
version = "0.5.8"
source = "registry+https://github.com/rust-lang/crates.io-index"
checksum = "a31142970826733df8241ef35dc040ef98c679ab14d7c3e54d827099b3acecaa"
dependencies = [
 "serde",
]

[[package]]
name = "ttf-parser"
version = "0.9.0"
source = "registry+https://github.com/rust-lang/crates.io-index"
checksum = "62ddb402ac6c2af6f7a2844243887631c4e94b51585b229fcfddb43958cd55ca"

[[package]]
name = "ttf-parser"
version = "0.12.3"
source = "registry+https://github.com/rust-lang/crates.io-index"
checksum = "7ae2f58a822f08abdaf668897e96a5656fe72f5a9ce66422423e8849384872e6"

[[package]]
name = "unicode-bidi"
version = "0.3.6"
source = "registry+https://github.com/rust-lang/crates.io-index"
checksum = "246f4c42e67e7a4e3c6106ff716a5d067d4132a642840b242e357e468a2a0085"

[[package]]
name = "unicode-bidi-mirroring"
version = "0.1.0"
source = "registry+https://github.com/rust-lang/crates.io-index"
checksum = "56d12260fb92d52f9008be7e4bca09f584780eb2266dc8fecc6a192bec561694"

[[package]]
name = "unicode-ccc"
version = "0.1.2"
source = "registry+https://github.com/rust-lang/crates.io-index"
checksum = "cc2520efa644f8268dce4dcd3050eaa7fc044fca03961e9998ac7e2e92b77cf1"

[[package]]
name = "unicode-general-category"
version = "0.2.0"
source = "registry+https://github.com/rust-lang/crates.io-index"
checksum = "7f9af028e052a610d99e066b33304625dea9613170a2563314490a4e6ec5cf7f"

[[package]]
name = "unicode-script"
version = "0.5.3"
source = "registry+https://github.com/rust-lang/crates.io-index"
checksum = "098ec66172ce21cd55f8bcc786ee209dd20e04eff70acfca30cb79924d173ae9"

[[package]]
name = "unicode-vo"
version = "0.1.0"
source = "registry+https://github.com/rust-lang/crates.io-index"
checksum = "b1d386ff53b415b7fe27b50bb44679e2cc4660272694b7b6f3326d8480823a94"

[[package]]
name = "unicode-width"
version = "0.1.8"
source = "registry+https://github.com/rust-lang/crates.io-index"
checksum = "9337591893a19b88d8d87f2cec1e73fad5cdfd10e5a6f349f498ad6ea2ffb1e3"

[[package]]
name = "unicode-xid"
version = "0.2.2"
source = "registry+https://github.com/rust-lang/crates.io-index"
checksum = "8ccb82d61f80a663efe1f787a51b16b5a51e3314d6ac365b08639f52387b33f3"

[[package]]
name = "usvg"
version = "0.14.1"
source = "registry+https://github.com/rust-lang/crates.io-index"
checksum = "ef8352f317d8f9a918ba5154797fb2a93e2730244041cf7d5be35148266adfa5"
dependencies = [
 "base64",
 "data-url",
 "flate2",
 "fontdb",
 "kurbo",
 "log",
 "memmap2",
 "pico-args",
 "rctree",
 "roxmltree",
 "rustybuzz",
 "simplecss",
 "siphasher",
 "svgtypes",
 "ttf-parser 0.12.3",
 "unicode-bidi",
 "unicode-script",
 "unicode-vo",
 "xmlwriter",
]

[[package]]
name = "xmlparser"
version = "0.13.3"
source = "registry+https://github.com/rust-lang/crates.io-index"
checksum = "114ba2b24d2167ef6d67d7d04c8cc86522b87f490025f39f0303b7db5bf5e3d8"

[[package]]
name = "xmlwriter"
version = "0.1.0"
source = "registry+https://github.com/rust-lang/crates.io-index"
checksum = "ec7a2a501ed189703dba8b08142f057e887dfc4b2cc4db2d343ac6376ba3e0b9"
